
Microsoft Visual Studio Solution File, Format Version 12.00
# Visual Studio 14
VisualStudioVersion = 14.0.24720.0
MinimumVisualStudioVersion = 10.0.40219.1
Project("{FAE04EC0-301F-11D3-BF4B-00C04F79EFBC}") = "CPaperSchool", "CPaperSchool\CPaperSchool.csproj", "{ADFD8EE6-90E2-4A15-B290-8A17608AA2C2}"
EndProject
Project("{FAE04EC0-301F-11D3-BF4B-00C04F79EFBC}") = "CPaperSchoolDAL", "CPaperSchoolDAL\CPaperSchoolDAL.csproj", "{778E8993-BB30-4A56-8EE0-36BC74254D9A}"
EndProject
Project("{FAE04EC0-301F-11D3-BF4B-00C04F79EFBC}") = "CPaperSchoolBAL", "CPaperSchoolBAL\CPaperSchoolBAL.csproj", "{9C1B7C26-ACB6-4704-ABAC-2DC0D832B3D9}"
EndProject
Global
	GlobalSection(SolutionConfigurationPlatforms) = preSolution
		Debug|Any CPU = Debug|Any CPU
		Release|Any CPU = Release|Any CPU
	EndGlobalSection
	GlobalSection(ProjectConfigurationPlatforms) = postSolution
		{ADFD8EE6-90E2-4A15-B290-8A17608AA2C2}.Debug|Any CPU.ActiveCfg = Debug|Any CPU
		{ADFD8EE6-90E2-4A15-B290-8A17608AA2C2}.Debug|Any CPU.Build.0 = Debug|Any CPU
		{ADFD8EE6-90E2-4A15-B290-8A17608AA2C2}.Release|Any CPU.ActiveCfg = Release|Any CPU
		{ADFD8EE6-90E2-4A15-B290-8A17608AA2C2}.Release|Any CPU.Build.0 = Release|Any CPU
		{778E8993-BB30-4A56-8EE0-36BC74254D9A}.Debug|Any CPU.ActiveCfg = Debug|Any CPU
		{778E8993-BB30-4A56-8EE0-36BC74254D9A}.Debug|Any CPU.Build.0 = Debug|Any CPU
		{778E8993-BB30-4A56-8EE0-36BC74254D9A}.Release|Any CPU.ActiveCfg = Release|Any CPU
		{778E8993-BB30-4A56-8EE0-36BC74254D9A}.Release|Any CPU.Build.0 = Release|Any CPU
		{9C1B7C26-ACB6-4704-ABAC-2DC0D832B3D9}.Debug|Any CPU.ActiveCfg = Debug|Any CPU
		{9C1B7C26-ACB6-4704-ABAC-2DC0D832B3D9}.Debug|Any CPU.Build.0 = Debug|Any CPU
		{9C1B7C26-ACB6-4704-ABAC-2DC0D832B3D9}.Release|Any CPU.ActiveCfg = Release|Any CPU
		{9C1B7C26-ACB6-4704-ABAC-2DC0D832B3D9}.Release|Any CPU.Build.0 = Release|Any CPU
	EndGlobalSection
	GlobalSection(SolutionProperties) = preSolution
		HideSolutionNode = FALSE
	EndGlobalSection
EndGlobal
